
Microsoft Visual Studio Solution File, Format Version 12.00
# Visual Studio Version 16
VisualStudioVersion = 16.0.30717.126
MinimumVisualStudioVersion = 10.0.40219.1
Project("{FAE04EC0-301F-11D3-BF4B-00C04F79EFBC}") = "ALO.Entidades", "ALO.Entidades\ALO.Entidades.csproj", "{1A066F63-0FF6-4435-8288-D90D910F08F4}"
EndProject
Project("{FAE04EC0-301F-11D3-BF4B-00C04F79EFBC}") = "ALO.Utilidades", "ALO.Utilidades\ALO.Utilidades.csproj", "{0EAB8D4B-E4C8-430E-907E-EEE860107ACE}"
EndProject
Project("{FAE04EC0-301F-11D3-BF4B-00C04F79EFBC}") = "ALO.Servicio", "ALO.Servicio\ALO.Servicio.csproj", "{C785804C-8E3D-49D1-B82A-8A8F05B9DC36}"
EndProject
Project("{FAE04EC0-301F-11D3-BF4B-00C04F79EFBC}") = "ALO.WebSite", "ALO.WebSite\ALO.WebSite.csproj", "{A001BB1B-53AC-4212-99AB-D5B295D02291}"
EndProject
Global
	GlobalSection(SolutionConfigurationPlatforms) = preSolution
		Debug|Any CPU = Debug|Any CPU
		Release|Any CPU = Release|Any CPU
	EndGlobalSection
	GlobalSection(ProjectConfigurationPlatforms) = postSolution
		{1A066F63-0FF6-4435-8288-D90D910F08F4}.Debug|Any CPU.ActiveCfg = Debug|Any CPU
		{1A066F63-0FF6-4435-8288-D90D910F08F4}.Debug|Any CPU.Build.0 = Debug|Any CPU
		{1A066F63-0FF6-4435-8288-D90D910F08F4}.Release|Any CPU.ActiveCfg = Release|Any CPU
		{1A066F63-0FF6-4435-8288-D90D910F08F4}.Release|Any CPU.Build.0 = Release|Any CPU
		{0EAB8D4B-E4C8-430E-907E-EEE860107ACE}.Debug|Any CPU.ActiveCfg = Debug|Any CPU
		{0EAB8D4B-E4C8-430E-907E-EEE860107ACE}.Debug|Any CPU.Build.0 = Debug|Any CPU
		{0EAB8D4B-E4C8-430E-907E-EEE860107ACE}.Release|Any CPU.ActiveCfg = Release|Any CPU
		{0EAB8D4B-E4C8-430E-907E-EEE860107ACE}.Release|Any CPU.Build.0 = Release|Any CPU
		{C785804C-8E3D-49D1-B82A-8A8F05B9DC36}.Debug|Any CPU.ActiveCfg = Debug|Any CPU
		{C785804C-8E3D-49D1-B82A-8A8F05B9DC36}.Debug|Any CPU.Build.0 = Debug|Any CPU
		{C785804C-8E3D-49D1-B82A-8A8F05B9DC36}.Release|Any CPU.ActiveCfg = Release|Any CPU
		{C785804C-8E3D-49D1-B82A-8A8F05B9DC36}.Release|Any CPU.Build.0 = Release|Any CPU
		{A001BB1B-53AC-4212-99AB-D5B295D02291}.Debug|Any CPU.ActiveCfg = Debug|Any CPU
		{A001BB1B-53AC-4212-99AB-D5B295D02291}.Debug|Any CPU.Build.0 = Debug|Any CPU
		{A001BB1B-53AC-4212-99AB-D5B295D02291}.Release|Any CPU.ActiveCfg = Release|Any CPU
		{A001BB1B-53AC-4212-99AB-D5B295D02291}.Release|Any CPU.Build.0 = Release|Any CPU
	EndGlobalSection
	GlobalSection(SolutionProperties) = preSolution
		HideSolutionNode = FALSE
	EndGlobalSection
	GlobalSection(ExtensibilityGlobals) = postSolution
		SolutionGuid = {DDDCF817-2FC9-4EBD-8122-833917731227}
	EndGlobalSection
EndGlobal
